
Microsoft Visual Studio Solution File, Format Version 12.00
# Visual Studio Version 17
VisualStudioVersion = 17.0.31903.59
MinimumVisualStudioVersion = 10.0.40219.1
Project("{2150E333-8FDC-42A3-9474-1A3956D46DE8}") = "src", "src", "{827E0CD3-B72D-47B6-A68D-7590B98EB39B}"
EndProject
Project("{2150E333-8FDC-42A3-9474-1A3956D46DE8}") = "Application", "Application", "{22BAF98C-8415-17C4-B26A-D537657BC863}"
EndProject
Project("{FAE04EC0-301F-11D3-BF4B-00C04F79EFBC}") = "SystemConfig.Application", "src\Application\SystemConfig.Application\SystemConfig.Application.csproj", "{1B8ECAED-0638-4C1B-B793-91C842FB176A}"
EndProject
Project("{FAE04EC0-301F-11D3-BF4B-00C04F79EFBC}") = "SystemConfig.Domain", "src\Domain\SystemConfig.Domain\SystemConfig.Domain.csproj", "{45005E0F-48B8-4747-BACD-A28D962C3A3A}"
EndProject
Project("{FAE04EC0-301F-11D3-BF4B-00C04F79EFBC}") = "SystemConfig.Infrastructure", "src\Infrastructure\SystemConfig.Infrastructure\SystemConfig.Infrastructure.csproj", "{B319B9D6-0E38-49BC-A0E5-1A3E092FEA1C}"
EndProject
Project("{FAE04EC0-301F-11D3-BF4B-00C04F79EFBC}") = "SystemConfig.UnitTests", "tests\Unit\SystemConfig.UnitTests\SystemConfig.UnitTests.csproj", "{C8AB3C9C-5B02-43C7-86AC-9E743198A0B5}"
EndProject
Project("{FAE04EC0-301F-11D3-BF4B-00C04F79EFBC}") = "SystemConfig.IntegrationTests", "tests\Integration\SystemConfig.IntegrationTests\SystemConfig.IntegrationTests.csproj", "{76376D1D-F086-46B9-A002-8EA2CE353E5B}"
EndProject
Project("{FAE04EC0-301F-11D3-BF4B-00C04F79EFBC}") = "SystemConfig.UITests", "tests\UI\SystemConfig.UITests\SystemConfig.UITests.csproj", "{B6EA3275-1707-48DF-8033-033C6D9C8CB8}"
EndProject
Global
	GlobalSection(SolutionConfigurationPlatforms) = preSolution
		Debug|Any CPU = Debug|Any CPU
		Debug|x64 = Debug|x64
		Debug|x86 = Debug|x86
		Release|Any CPU = Release|Any CPU
		Release|x64 = Release|x64
		Release|x86 = Release|x86
	EndGlobalSection
	GlobalSection(ProjectConfigurationPlatforms) = postSolution
		{1B8ECAED-0638-4C1B-B793-91C842FB176A}.Debug|Any CPU.ActiveCfg = Debug|Any CPU
		{1B8ECAED-0638-4C1B-B793-91C842FB176A}.Debug|Any CPU.Build.0 = Debug|Any CPU
		{1B8ECAED-0638-4C1B-B793-91C842FB176A}.Debug|x64.ActiveCfg = Debug|Any CPU
		{1B8ECAED-0638-4C1B-B793-91C842FB176A}.Debug|x64.Build.0 = Debug|Any CPU
		{1B8ECAED-0638-4C1B-B793-91C842FB176A}.Debug|x86.ActiveCfg = Debug|Any CPU
		{1B8ECAED-0638-4C1B-B793-91C842FB176A}.Debug|x86.Build.0 = Debug|Any CPU
		{1B8ECAED-0638-4C1B-B793-91C842FB176A}.Release|Any CPU.ActiveCfg = Release|Any CPU
		{1B8ECAED-0638-4C1B-B793-91C842FB176A}.Release|Any CPU.Build.0 = Release|Any CPU
		{1B8ECAED-0638-4C1B-B793-91C842FB176A}.Release|x64.ActiveCfg = Release|Any CPU
		{1B8ECAED-0638-4C1B-B793-91C842FB176A}.Release|x64.Build.0 = Release|Any CPU
		{1B8ECAED-0638-4C1B-B793-91C842FB176A}.Release|x86.ActiveCfg = Release|Any CPU
		{1B8ECAED-0638-4C1B-B793-91C842FB176A}.Release|x86.Build.0 = Release|Any CPU
		{45005E0F-48B8-4747-BACD-A28D962C3A3A}.Debug|Any CPU.ActiveCfg = Debug|Any CPU
		{45005E0F-48B8-4747-BACD-A28D962C3A3A}.Debug|Any CPU.Build.0 = Debug|Any CPU
		{45005E0F-48B8-4747-BACD-A28D962C3A3A}.Debug|x64.ActiveCfg = Debug|Any CPU
		{45005E0F-48B8-4747-BACD-A28D962C3A3A}.Debug|x64.Build.0 = Debug|Any CPU
		{45005E0F-48B8-4747-BACD-A28D962C3A3A}.Debug|x86.ActiveCfg = Debug|Any CPU
		{45005E0F-48B8-4747-BACD-A28D962C3A3A}.Debug|x86.Build.0 = Debug|Any CPU
		{45005E0F-48B8-4747-BACD-A28D962C3A3A}.Release|Any CPU.ActiveCfg = Release|Any CPU
		{45005E0F-48B8-4747-BACD-A28D962C3A3A}.Release|Any CPU.Build.0 = Release|Any CPU
		{45005E0F-48B8-4747-BACD-A28D962C3A3A}.Release|x64.ActiveCfg = Release|Any CPU
		{45005E0F-48B8-4747-BACD-A28D962C3A3A}.Release|x64.Build.0 = Release|Any CPU
		{45005E0F-48B8-4747-BACD-A28D962C3A3A}.Release|x86.ActiveCfg = Release|Any CPU
		{45005E0F-48B8-4747-BACD-A28D962C3A3A}.Release|x86.Build.0 = Release|Any CPU
		{B319B9D6-0E38-49BC-A0E5-1A3E092FEA1C}.Debug|Any CPU.ActiveCfg = Debug|Any CPU
		{B319B9D6-0E38-49BC-A0E5-1A3E092FEA1C}.Debug|Any CPU.Build.0 = Debug|Any CPU
		{B319B9D6-0E38-49BC-A0E5-1A3E092FEA1C}.Debug|x64.ActiveCfg = Debug|Any CPU
		{B319B9D6-0E38-49BC-A0E5-1A3E092FEA1C}.Debug|x64.Build.0 = Debug|Any CPU
		{B319B9D6-0E38-49BC-A0E5-1A3E092FEA1C}.Debug|x86.ActiveCfg = Debug|Any CPU
		{B319B9D6-0E38-49BC-A0E5-1A3E092FEA1C}.Debug|x86.Build.0 = Debug|Any CPU
		{B319B9D6-0E38-49BC-A0E5-1A3E092FEA1C}.Release|Any CPU.ActiveCfg = Release|Any CPU
		{B319B9D6-0E38-49BC-A0E5-1A3E092FEA1C}.Release|Any CPU.Build.0 = Release|Any CPU
		{B319B9D6-0E38-49BC-A0E5-1A3E092FEA1C}.Release|x64.ActiveCfg = Release|Any CPU
		{B319B9D6-0E38-49BC-A0E5-1A3E092FEA1C}.Release|x64.Build.0 = Release|Any CPU
		{B319B9D6-0E38-49BC-A0E5-1A3E092FEA1C}.Release|x86.ActiveCfg = Release|Any CPU
		{B319B9D6-0E38-49BC-A0E5-1A3E092FEA1C}.Release|x86.Build.0 = Release|Any CPU
		{C8AB3C9C-5B02-43C7-86AC-9E743198A0B5}.Debug|Any CPU.ActiveCfg = Debug|Any CPU
		{C8AB3C9C-5B02-43C7-86AC-9E743198A0B5}.Debug|Any CPU.Build.0 = Debug|Any CPU
		{C8AB3C9C-5B02-43C7-86AC-9E743198A0B5}.Debug|x64.ActiveCfg = Debug|Any CPU
		{C8AB3C9C-5B02-43C7-86AC-9E743198A0B5}.Debug|x64.Build.0 = Debug|Any CPU
		{C8AB3C9C-5B02-43C7-86AC-9E743198A0B5}.Debug|x86.ActiveCfg = Debug|Any CPU
		{C8AB3C9C-5B02-43C7-86AC-9E743198A0B5}.Debug|x86.Build.0 = Debug|Any CPU
		{C8AB3C9C-5B02-43C7-86AC-9E743198A0B5}.Release|Any CPU.ActiveCfg = Release|Any CPU
		{C8AB3C9C-5B02-43C7-86AC-9E743198A0B5}.Release|Any CPU.Build.0 = Release|Any CPU
		{C8AB3C9C-5B02-43C7-86AC-9E743198A0B5}.Release|x64.ActiveCfg = Release|Any CPU
		{C8AB3C9C-5B02-43C7-86AC-9E743198A0B5}.Release|x64.Build.0 = Release|Any CPU
		{C8AB3C9C-5B02-43C7-86AC-9E743198A0B5}.Release|x86.ActiveCfg = Release|Any CPU
		{C8AB3C9C-5B02-43C7-86AC-9E743198A0B5}.Release|x86.Build.0 = Release|Any CPU
		{76376D1D-F086-46B9-A002-8EA2CE353E5B}.Debug|Any CPU.ActiveCfg = Debug|Any CPU
		{76376D1D-F086-46B9-A002-8EA2CE353E5B}.Debug|Any CPU.Build.0 = Debug|Any CPU
		{76376D1D-F086-46B9-A002-8EA2CE353E5B}.Debug|x64.ActiveCfg = Debug|Any CPU
		{76376D1D-F086-46B9-A002-8EA2CE353E5B}.Debug|x64.Build.0 = Debug|Any CPU
		{76376D1D-F086-46B9-A002-8EA2CE353E5B}.Debug|x86.ActiveCfg = Debug|Any CPU
		{76376D1D-F086-46B9-A002-8EA2CE353E5B}.Debug|x86.Build.0 = Debug|Any CPU
		{76376D1D-F086-46B9-A002-8EA2CE353E5B}.Release|Any CPU.ActiveCfg = Release|Any CPU
		{76376D1D-F086-46B9-A002-8EA2CE353E5B}.Release|Any CPU.Build.0 = Release|Any CPU
		{76376D1D-F086-46B9-A002-8EA2CE353E5B}.Release|x64.ActiveCfg = Release|Any CPU
		{76376D1D-F086-46B9-A002-8EA2CE353E5B}.Release|x64.Build.0 = Release|Any CPU
		{76376D1D-F086-46B9-A002-8EA2CE353E5B}.Release|x86.ActiveCfg = Release|Any CPU
		{76376D1D-F086-46B9-A002-8EA2CE353E5B}.Release|x86.Build.0 = Release|Any CPU
		{B6EA3275-1707-48DF-8033-033C6D9C8CB8}.Debug|Any CPU.ActiveCfg = Debug|Any CPU
		{B6EA3275-1707-48DF-8033-033C6D9C8CB8}.Debug|Any CPU.Build.0 = Debug|Any CPU
		{B6EA3275-1707-48DF-8033-033C6D9C8CB8}.Debug|x64.ActiveCfg = Debug|Any CPU
		{B6EA3275-1707-48DF-8033-033C6D9C8CB8}.Debug|x64.Build.0 = Debug|Any CPU
		{B6EA3275-1707-48DF-8033-033C6D9C8CB8}.Debug|x86.ActiveCfg = Debug|Any CPU
		{B6EA3275-1707-48DF-8033-033C6D9C8CB8}.Debug|x86.Build.0 = Debug|Any CPU
		{B6EA3275-1707-48DF-8033-033C6D9C8CB8}.Release|Any CPU.ActiveCfg = Release|Any CPU
		{B6EA3275-1707-48DF-8033-033C6D9C8CB8}.Release|Any CPU.Build.0 = Release|Any CPU
		{B6EA3275-1707-48DF-8033-033C6D9C8CB8}.Release|x64.ActiveCfg = Release|Any CPU
		{B6EA3275-1707-48DF-8033-033C6D9C8CB8}.Release|x64.Build.0 = Release|Any CPU
		{B6EA3275-1707-48DF-8033-033C6D9C8CB8}.Release|x86.ActiveCfg = Release|Any CPU
		{B6EA3275-1707-48DF-8033-033C6D9C8CB8}.Release|x86.Build.0 = Release|Any CPU
	EndGlobalSection
	GlobalSection(SolutionProperties) = preSolution
		HideSolutionNode = FALSE
	EndGlobalSection
	GlobalSection(NestedProjects) = preSolution
		{22BAF98C-8415-17C4-B26A-D537657BC863} = {827E0CD3-B72D-47B6-A68D-7590B98EB39B}
		{1B8ECAED-0638-4C1B-B793-91C842FB176A} = {22BAF98C-8415-17C4-B26A-D537657BC863}
		{45005E0F-48B8-4747-BACD-A28D962C3A3A} = {22BAF98C-8415-17C4-B26A-D537657BC863}
		{B319B9D6-0E38-49BC-A0E5-1A3E092FEA1C} = {22BAF98C-8415-17C4-B26A-D537657BC863}
		{C8AB3C9C-5B02-43C7-86AC-9E743198A0B5} = {22BAF98C-8415-17C4-B26A-D537657BC863}
		{76376D1D-F086-46B9-A002-8EA2CE353E5B} = {22BAF98C-8415-17C4-B26A-D537657BC863}
		{B6EA3275-1707-48DF-8033-033C6D9C8CB8} = {22BAF98C-8415-17C4-B26A-D537657BC863}
	EndGlobalSection
EndGlobal
